Microsoft Visual Studio Solution File, Format Version 12.00
# Visual Studio Version 17
VisualStudioVersion = 17.5.2.0
MinimumVisualStudioVersion = 10.0.40219.1
Project("{2150E333-8FDC-42A3-9474-1A3956D46DE8}") = "Multithreading", "Multithreading", "{FFE66BC7-35F4-5CC4-9D67-76D6D5776646}"
EndProject
Project("{FAE04EC0-301F-11D3-BF4B-00C04F79EFBC}") = "BasicSyntax", "Multithreading\BasicSyntax\BasicSyntax.csproj", "{B7FDE83E-7F28-CDB9-289F-20A0ED3AE20B}"
EndProject
Global
	GlobalSection(SolutionConfigurationPlatforms) = preSolution
		Debug|Any CPU = Debug|Any CPU
		Release|Any CPU = Release|Any CPU
	EndGlobalSection
	GlobalSection(ProjectConfigurationPlatforms) = postSolution
		{B7FDE83E-7F28-CDB9-289F-20A0ED3AE20B}.Debug|Any CPU.ActiveCfg = Debug|Any CPU
		{B7FDE83E-7F28-CDB9-289F-20A0ED3AE20B}.Debug|Any CPU.Build.0 = Debug|Any CPU
		{B7FDE83E-7F28-CDB9-289F-20A0ED3AE20B}.Release|Any CPU.ActiveCfg = Release|Any CPU
		{B7FDE83E-7F28-CDB9-289F-20A0ED3AE20B}.Release|Any CPU.Build.0 = Release|Any CPU
	EndGlobalSection
	GlobalSection(SolutionProperties) = preSolution
		HideSolutionNode = FALSE
	EndGlobalSection
	GlobalSection(NestedProjects) = preSolution
		{B7FDE83E-7F28-CDB9-289F-20A0ED3AE20B} = {FFE66BC7-35F4-5CC4-9D67-76D6D5776646}
	EndGlobalSection
	GlobalSection(ExtensibilityGlobals) = postSolution
		SolutionGuid = {26DEE339-AE77-4EE6-BCC2-88091DAA7E67}
	EndGlobalSection
EndGlobal
