
Microsoft Visual Studio Solution File, Format Version 12.00
# Visual Studio Version 17
VisualStudioVersion = 17.14.37012.4 d17.14
MinimumVisualStudioVersion = 10.0.40219.1
Project("{FAE04EC0-301F-11D3-BF4B-00C04F79EFBC}") = "OffloadLongTasks", "OffloadLongTasks\OffloadLongTasks.csproj", "{667DDECA-B7E8-40F9-87BC-65C517F10BCB}"
EndProject
Global
	GlobalSection(SolutionConfigurationPlatforms) = preSolution
		Debug|Any CPU = Debug|Any CPU
		Release|Any CPU = Release|Any CPU
	EndGlobalSection
	GlobalSection(ProjectConfigurationPlatforms) = postSolution
		{667DDECA-B7E8-40F9-87BC-65C517F10BCB}.Debug|Any CPU.ActiveCfg = Debug|Any CPU
		{667DDECA-B7E8-40F9-87BC-65C517F10BCB}.Debug|Any CPU.Build.0 = Debug|Any CPU
		{667DDECA-B7E8-40F9-87BC-65C517F10BCB}.Release|Any CPU.ActiveCfg = Release|Any CPU
		{667DDECA-B7E8-40F9-87BC-65C517F10BCB}.Release|Any CPU.Build.0 = Release|Any CPU
	EndGlobalSection
	GlobalSection(SolutionProperties) = preSolution
		HideSolutionNode = FALSE
	EndGlobalSection
	GlobalSection(ExtensibilityGlobals) = postSolution
		SolutionGuid = {1089E3DD-739D-4DDA-84EA-0C59C3AF1E45}
	EndGlobalSection
EndGlobal
